
Microsoft Visual Studio Solution File, Format Version 12.00
# Visual Studio Version 16
VisualStudioVersion = 16.0.29609.76
MinimumVisualStudioVersion = 10.0.40219.1
Project("{FAE04EC0-301F-11D3-BF4B-00C04F79EFBC}") = "Dictionary_Dojo", "Dictionary_Dojo.csproj", "{367EB5E6-552A-4CC4-AB14-878C52BEDDE0}"
EndProject
Global
	GlobalSection(SolutionConfigurationPlatforms) = preSolution
		Debug|Any CPU = Debug|Any CPU
		Release|Any CPU = Release|Any CPU
	EndGlobalSection
	GlobalSection(ProjectConfigurationPlatforms) = postSolution
		{367EB5E6-552A-4CC4-AB14-878C52BEDDE0}.Debug|Any CPU.ActiveCfg = Debug|Any CPU
		{367EB5E6-552A-4CC4-AB14-878C52BEDDE0}.Debug|Any CPU.Build.0 = Debug|Any CPU
		{367EB5E6-552A-4CC4-AB14-878C52BEDDE0}.Release|Any CPU.ActiveCfg = Release|Any CPU
		{367EB5E6-552A-4CC4-AB14-878C52BEDDE0}.Release|Any CPU.Build.0 = Release|Any CPU
	EndGlobalSection
	GlobalSection(SolutionProperties) = preSolution
		HideSolutionNode = FALSE
	EndGlobalSection
	GlobalSection(ExtensibilityGlobals) = postSolution
		SolutionGuid = {0EFB637B-5D3D-4835-BA52-B79C64FEFBC0}
	EndGlobalSection
EndGlobal
